
Microsoft Visual Studio Solution File, Format Version 12.00
# Visual Studio Version 16
VisualStudioVersion = 16.0.30225.117
MinimumVisualStudioVersion = 10.0.40219.1
Project("{9A19103F-16F7-4668-BE54-9A1E7A4F7556}") = "App.Seguro", "App.CalculoSeguro\App.Seguro.csproj", "{30EC4CD2-0AFB-4B79-86BF-76F752E3617C}"
EndProject
Project("{FAE04EC0-301F-11D3-BF4B-00C04F79EFBC}") = "Teste.Seguro", "Teste.CalculoSeguro\Teste.Seguro.csproj", "{8B25BB9F-B71B-4296-A216-89915307D5D3}"
EndProject
Global
	GlobalSection(SolutionConfigurationPlatforms) = preSolution
		Debug|Any CPU = Debug|Any CPU
		Release|Any CPU = Release|Any CPU
	EndGlobalSection
	GlobalSection(ProjectConfigurationPlatforms) = postSolution
		{30EC4CD2-0AFB-4B79-86BF-76F752E3617C}.Debug|Any CPU.ActiveCfg = Debug|Any CPU
		{30EC4CD2-0AFB-4B79-86BF-76F752E3617C}.Debug|Any CPU.Build.0 = Debug|Any CPU
		{30EC4CD2-0AFB-4B79-86BF-76F752E3617C}.Release|Any CPU.ActiveCfg = Release|Any CPU
		{30EC4CD2-0AFB-4B79-86BF-76F752E3617C}.Release|Any CPU.Build.0 = Release|Any CPU
		{8B25BB9F-B71B-4296-A216-89915307D5D3}.Debug|Any CPU.ActiveCfg = Debug|Any CPU
		{8B25BB9F-B71B-4296-A216-89915307D5D3}.Debug|Any CPU.Build.0 = Debug|Any CPU
		{8B25BB9F-B71B-4296-A216-89915307D5D3}.Release|Any CPU.ActiveCfg = Release|Any CPU
		{8B25BB9F-B71B-4296-A216-89915307D5D3}.Release|Any CPU.Build.0 = Release|Any CPU
	EndGlobalSection
	GlobalSection(SolutionProperties) = preSolution
		HideSolutionNode = FALSE
	EndGlobalSection
	GlobalSection(ExtensibilityGlobals) = postSolution
		SolutionGuid = {41939966-0C7F-4397-AC5A-DD89A90191C1}
	EndGlobalSection
EndGlobal
